
Microsoft Visual Studio Solution File, Format Version 12.00
# Visual Studio 2013
VisualStudioVersion = 12.0.20827.3
MinimumVisualStudioVersion = 10.0.40219.1
Project("{2150E333-8FDC-42A3-9474-1A3956D46DE8}") = "Solution Items", "Solution Items", "{3CE8B5A8-CDA5-4A83-99E9-C81B19979691}"
	ProjectSection(SolutionItems) = preProject
		LICENSE = LICENSE
		README.md = README.md
		WE-Markdown.css = WE-Markdown.css
	EndProjectSection
EndProject
Project("{FAE04EC0-301F-11D3-BF4B-00C04F79EFBC}") = "Cassette.Owin", "src\Cassette.Owin\Cassette.Owin.csproj", "{8E16AEF0-DF37-4955-B37A-6AAD497C1A5E}"
EndProject
Project("{2150E333-8FDC-42A3-9474-1A3956D46DE8}") = ".nuget", ".nuget", "{A966C740-BD85-4490-A4B5-5BC7868EA59F}"
	ProjectSection(SolutionItems) = preProject
		.nuget\NuGet.Config = .nuget\NuGet.Config
		.nuget\NuGet.exe = .nuget\NuGet.exe
		.nuget\NuGet.targets = .nuget\NuGet.targets
	EndProjectSection
EndProject
Project("{FAE04EC0-301F-11D3-BF4B-00C04F79EFBC}") = "Cassette.Owin.ViewEngines.NancyRazor", "src\Cassette.Owin.ViewEngines.NancyRazor\Cassette.Owin.ViewEngines.NancyRazor.csproj", "{5778D739-CBDD-4279-8880-304BD931A78B}"
EndProject
Project("{2150E333-8FDC-42A3-9474-1A3956D46DE8}") = "Samples", "Samples", "{DE6B52E1-B598-4C9B-A00E-26AC7F0CF5AE}"
EndProject
Project("{FAE04EC0-301F-11D3-BF4B-00C04F79EFBC}") = "Cassette.Owin.Samples.NancyRazor", "samples\Cassette.Owin.Samples.NancyRazor\Cassette.Owin.Samples.NancyRazor.csproj", "{7172C961-30A5-4FB1-9FD2-ECEA5810CE58}"
EndProject
Global
	GlobalSection(SolutionConfigurationPlatforms) = preSolution
		Debug|Any CPU = Debug|Any CPU
		Release|Any CPU = Release|Any CPU
	EndGlobalSection
	GlobalSection(ProjectConfigurationPlatforms) = postSolution
		{8E16AEF0-DF37-4955-B37A-6AAD497C1A5E}.Debug|Any CPU.ActiveCfg = Debug|Any CPU
		{8E16AEF0-DF37-4955-B37A-6AAD497C1A5E}.Debug|Any CPU.Build.0 = Debug|Any CPU
		{8E16AEF0-DF37-4955-B37A-6AAD497C1A5E}.Release|Any CPU.ActiveCfg = Release|Any CPU
		{8E16AEF0-DF37-4955-B37A-6AAD497C1A5E}.Release|Any CPU.Build.0 = Release|Any CPU
		{5778D739-CBDD-4279-8880-304BD931A78B}.Debug|Any CPU.ActiveCfg = Debug|Any CPU
		{5778D739-CBDD-4279-8880-304BD931A78B}.Debug|Any CPU.Build.0 = Debug|Any CPU
		{5778D739-CBDD-4279-8880-304BD931A78B}.Release|Any CPU.ActiveCfg = Release|Any CPU
		{5778D739-CBDD-4279-8880-304BD931A78B}.Release|Any CPU.Build.0 = Release|Any CPU
		{7172C961-30A5-4FB1-9FD2-ECEA5810CE58}.Debug|Any CPU.ActiveCfg = Debug|Any CPU
		{7172C961-30A5-4FB1-9FD2-ECEA5810CE58}.Debug|Any CPU.Build.0 = Debug|Any CPU
		{7172C961-30A5-4FB1-9FD2-ECEA5810CE58}.Release|Any CPU.ActiveCfg = Release|Any CPU
		{7172C961-30A5-4FB1-9FD2-ECEA5810CE58}.Release|Any CPU.Build.0 = Release|Any CPU
	EndGlobalSection
	GlobalSection(SolutionProperties) = preSolution
		HideSolutionNode = FALSE
	EndGlobalSection
	GlobalSection(NestedProjects) = preSolution
		{7172C961-30A5-4FB1-9FD2-ECEA5810CE58} = {DE6B52E1-B598-4C9B-A00E-26AC7F0CF5AE}
	EndGlobalSection
EndGlobal
